<?xml version="1.0" encoding="utf-8"?>
<Project ToolsVersion="4.0" xmlns="http://schemas.microsoft.com/developer/msbuild/2003">
  <ItemGroup>
    <Filter Include="core">
      <UniqueIdentifier>{a51c0f48-1179-411f-8903-25ee57285fa4}</UniqueIdentifier>
    </Filter>
    <Filter Include="core\error">
      <UniqueIdentifier>{549fb32f-3168-40d6-a42e-4bb49ab17d8e}</UniqueIdentifier>
    </Filter>
    <Filter Include="core\interfaces">
      <UniqueIdentifier>{1ec965dc-47d2-4006-a3db-3b88d3fbcf1c}</UniqueIdentifier>
    </Filter>
    <Filter Include="libs">
      <UniqueIdentifier>{b6571e77-5409-42de-a7cf-2037244203af}</UniqueIdentifier>
    </Filter>
    <Filter Include="core\domain">
      <UniqueIdentifier>{61cf1ede-6aa2-4ca2-b9ac-254cd4b3dd73}</UniqueIdentifier>
    </Filter>
  </ItemGroup>
  <ItemGroup>
    <ClCompile Include="core\error\error.cpp">
      <Filter>core\error</Filter>
    </ClCompile>
    <ClCompile Include="main.cpp" />
    <ClCompile Include="core\domain\account.cpp">
      <Filter>core\domain</Filter>
    </ClCompile>
    <ClCompile Include="core\domain\transaction.cpp">
      <Filter>core\domain</Filter>
    </ClCompile>
    <ClCompile Include="core\domain\user.cpp">
      <Filter>core\domain</Filter>
    </ClCompile>
  </ItemGroup>
  <ItemGroup>
    <ClInclude Include="core\error\error.h">
      <Filter>core\error</Filter>
    </ClInclude>
    <ClInclude Include="core\interfaces\i_account_service.h">
      <Filter>core\interfaces</Filter>
    </ClInclude>
    <ClInclude Include="core\interfaces\i_transaction_service.h">
      <Filter>core\interfaces</Filter>
    </ClInclude>
    <ClInclude Include="libs\libs.h">
      <Filter>libs</Filter>
    </ClInclude>
    <ClInclude Include="project_service.h" />
    <ClInclude Include="core\core.h">
      <Filter>core</Filter>
    </ClInclude>
    <ClInclude Include="core\domain\account.h">
      <Filter>core\domain</Filter>
    </ClInclude>
    <ClInclude Include="core\domain\transaction.h">
      <Filter>core\domain</Filter>
    </ClInclude>
    <ClInclude Include="core\domain\user.h">
      <Filter>core\domain</Filter>
    </ClInclude>
    <ClInclude Include="core\interfaces\i_user_service.h">
      <Filter>core\interfaces</Filter>
    </ClInclude>
  </ItemGroup>
</Project>